// !$*UTF8*$!
{
	archiveVersion = 1;
	classes = {
	};
	objectVersion = 56;
	objects = {

/* Begin PBXBuildFile section */
		EC2A71532B082BB20015B5EF /* WeatherData.swift in Sources */ = {isa = PBXBuildFile; fileRef = EC2A71522B082BB20015B5EF /* WeatherData.swift */; };
		EC2A71552B083AB80015B5EF /* WeatherModel.swift in Sources */ = {isa = PBXBuildFile; fileRef = EC2A71542B083AB80015B5EF /* WeatherModel.swift */; };
		EC555D8C2B055F0C002FF5C3 /* AppDelegate.swift in Sources */ = {isa = PBXBuildFile; fileRef = EC555D8B2B055F0C002FF5C3 /* AppDelegate.swift */; };
		EC555D8E2B055F0C002FF5C3 /* SceneDelegate.swift in Sources */ = {isa = PBXBuildFile; fileRef = EC555D8D2B055F0C002FF5C3 /* SceneDelegate.swift */; };
		EC555D902B055F0C002FF5C3 /* WeatherViewController.swift in Sources */ = {isa = PBXBuildFile; fileRef = EC555D8F2B055F0C002FF5C3 /* WeatherViewController.swift */; };
		EC555D932B055F0C002FF5C3 /* Main.storyboard in Resources */ = {isa = PBXBuildFile; fileRef = EC555D912B055F0C002FF5C3 /* Main.storyboard */; };
		EC555D982B055F0D002FF5C3 /* LaunchScreen.storyboard in Resources */ = {isa = PBXBuildFile; fileRef = EC555D962B055F0D002FF5C3 /* LaunchScreen.storyboard */; };
		EC59C50D2B104B8800E82855 /* Assets.xcassets in Resources */ = {isa = PBXBuildFile; fileRef = EC59C50C2B104B8800E82855 /* Assets.xcassets */; };
		ECD131452B06F10C00E05B8C /* WeatherManager.swift in Sources */ = {isa = PBXBuildFile; fileRef = ECD131442B06F10C00E05B8C /* WeatherManager.swift */; };
/* End PBXBuildFile section */

/* Begin PBXFileReference section */
		EC13E0292B0CECF500FCE0F2 /* Weather App.entitlements */ = {isa = PBXFileReference; lastKnownFileType = text.plist.entitlements; path = "Weather App.entitlements"; sourceTree = "<group>"; };
		EC2A71522B082BB20015B5EF /* WeatherData.swift */ = {isa = PBXFileReference; lastKnownFileType = sourcecode.swift; path = WeatherData.swift; sourceTree = "<group>"; };
		EC2A71542B083AB80015B5EF /* WeatherModel.swift */ = {isa = PBXFileReference; lastKnownFileType = sourcecode.swift; path = WeatherModel.swift; sourceTree = "<group>"; };
		EC2A715A2B0BB5900015B5EF /* APIKeyConfig.xcconfig */ = {isa = PBXFileReference; lastKnownFileType = text.xcconfig; path = APIKeyConfig.xcconfig; sourceTree = "<group>"; };
		EC555D882B055F0C002FF5C3 /* Weather App.app */ = {isa = PBXFileReference; explicitFileType = wrapper.application; includeInIndex = 0; path = "Weather App.app"; sourceTree = BUILT_PRODUCTS_DIR; };
		EC555D8B2B055F0C002FF5C3 /* AppDelegate.swift */ = {isa = PBXFileReference; lastKnownFileType = sourcecode.swift; path = AppDelegate.swift; sourceTree = "<group>"; };
		EC555D8D2B055F0C002FF5C3 /* SceneDelegate.swift */ = {isa = PBXFileReference; lastKnownFileType = sourcecode.swift; path = SceneDelegate.swift; sourceTree = "<group>"; };
		EC555D8F2B055F0C002FF5C3 /* WeatherViewController.swift */ = {isa = PBXFileReference; lastKnownFileType = sourcecode.swift; path = WeatherViewController.swift; sourceTree = "<group>"; };
		EC555D922B055F0C002FF5C3 /* Base */ = {isa = PBXFileReference; lastKnownFileType = file.storyboard; name = Base; path = Base.lproj/Main.storyboard; sourceTree = "<group>"; };
		EC555D972B055F0D002FF5C3 /* Base */ = {isa = PBXFileReference; lastKnownFileType = file.storyboard; name = Base; path = Base.lproj/LaunchScreen.storyboard; sourceTree = "<group>"; };
		EC555D992B055F0D002FF5C3 /* Info.plist */ = {isa = PBXFileReference; lastKnownFileType = text.plist.xml; name = Info.plist; path = WeatherApp/Info.plist; sourceTree = SOURCE_ROOT; };
		EC59C50C2B104B8800E82855 /* Assets.xcassets */ = {isa = PBXFileReference; lastKnownFileType = folder.assetcatalog; path = Assets.xcassets; sourceTree = "<group>"; };
		ECD131442B06F10C00E05B8C /* WeatherManager.swift */ = {isa = PBXFileReference; lastKnownFileType = sourcecode.swift; path = WeatherManager.swift; sourceTree = "<group>"; };
/* End PBXFileReference section */

/* Begin PBXFrameworksBuildPhase section */
		EC555D852B055F0C002FF5C3 /* Frameworks */ = {
			isa = PBXFrameworksBuildPhase;
			buildActionMask = 2147483647;
			files = (
			);
			runOnlyForDeploymentPostprocessing = 0;
		};
/* End PBXFrameworksBuildPhase section */

/* Begin PBXGroup section */
		EC2A71562B0BADD20015B5EF /* View */ = {
			isa = PBXGroup;
			children = (
				EC555D912B055F0C002FF5C3 /* Main.storyboard */,
			);
			path = View;
			sourceTree = "<group>";
		};
		EC2A71572B0BADE20015B5EF /* Controller */ = {
			isa = PBXGroup;
			children = (
				EC555D8F2B055F0C002FF5C3 /* WeatherViewController.swift */,
			);
			path = Controller;
			sourceTree = "<group>";
		};
		EC555D7F2B055F0C002FF5C3 = {
			isa = PBXGroup;
			children = (
				EC13E0292B0CECF500FCE0F2 /* Weather App.entitlements */,
				EC2A715A2B0BB5900015B5EF /* APIKeyConfig.xcconfig */,
				EC555D8A2B055F0C002FF5C3 /* WeatherApp */,
				EC555D892B055F0C002FF5C3 /* Products */,
			);
			sourceTree = "<group>";
		};
		EC555D892B055F0C002FF5C3 /* Products */ = {
			isa = PBXGroup;
			children = (
				EC555D882B055F0C002FF5C3 /* Weather App.app */,
			);
			name = Products;
			sourceTree = "<group>";
		};
		EC555D8A2B055F0C002FF5C3 /* WeatherApp */ = {
			isa = PBXGroup;
			children = (
				ECD131432B06F0F500E05B8C /* Model */,
				EC2A71562B0BADD20015B5EF /* View */,
				EC2A71572B0BADE20015B5EF /* Controller */,
				EC555D8B2B055F0C002FF5C3 /* AppDelegate.swift */,
				EC555D8D2B055F0C002FF5C3 /* SceneDelegate.swift */,
				EC59C50C2B104B8800E82855 /* Assets.xcassets */,
				EC555D962B055F0D002FF5C3 /* LaunchScreen.storyboard */,
				EC555D992B055F0D002FF5C3 /* Info.plist */,
			);
			path = WeatherApp;
			sourceTree = "<group>";
		};
		ECD131432B06F0F500E05B8C /* Model */ = {
			isa = PBXGroup;
			children = (
				ECD131442B06F10C00E05B8C /* WeatherManager.swift */,
				EC2A71522B082BB20015B5EF /* WeatherData.swift */,
				EC2A71542B083AB80015B5EF /* WeatherModel.swift */,
			);
			path = Model;
			sourceTree = "<group>";
		};
/* End PBXGroup section */

/* Begin PBXNativeTarget section */
		EC555D872B055F0C002FF5C3 /* Weather App */ = {
			isa = PBXNativeTarget;
			buildConfigurationList = EC555D9C2B055F0D002FF5C3 /* Build configuration list for PBXNativeTarget "Weather App" */;
			buildPhases = (
				EC555D842B055F0C002FF5C3 /* Sources */,
				EC555D852B055F0C002FF5C3 /* Frameworks */,
				EC555D862B055F0C002FF5C3 /* Resources */,
			);
			buildRules = (
			);
			dependencies = (
			);
			name = "Weather App";
			productName = "Weather App";
			productReference = EC555D882B055F0C002FF5C3 /* Weather App.app */;
			productType = "com.apple.product-type.application";
		};
/* End PBXNativeTarget section */

/* Begin PBXProject section */
		EC555D802B055F0C002FF5C3 /* Project object */ = {
			isa = PBXProject;
			attributes = {
				BuildIndependentTargetsInParallel = 1;
				LastSwiftUpdateCheck = 1500;
				LastUpgradeCheck = 1500;
				TargetAttributes = {
					EC555D872B055F0C002FF5C3 = {
						CreatedOnToolsVersion = 15.0;
					};
				};
			};
			buildConfigurationList = EC555D832B055F0C002FF5C3 /* Build configuration list for PBXProject "WeatherApp" */;
			compatibilityVersion = "Xcode 14.0";
			developmentRegion = en;
			hasScannedForEncodings = 0;
			knownRegions = (
				en,
				Base,
			);
			mainGroup = EC555D7F2B055F0C002FF5C3;
			productRefGroup = EC555D892B055F0C002FF5C3 /* Products */;
			projectDirPath = "";
			projectRoot = "";
			targets = (
				EC555D872B055F0C002FF5C3 /* Weather App */,
			);
		};
/* End PBXProject section */

/* Begin PBXResourcesBuildPhase section */
		EC555D862B055F0C002FF5C3 /* Resources */ = {
			isa = PBXResourcesBuildPhase;
			buildActionMask = 2147483647;
			files = (
				EC555D982B055F0D002FF5C3 /* LaunchScreen.storyboard in Resources */,
				EC59C50D2B104B8800E82855 /* Assets.xcassets in Resources */,
				EC555D932B055F0C002FF5C3 /* Main.storyboard in Resources */,
			);
			runOnlyForDeploymentPostprocessing = 0;
		};
/* End PBXResourcesBuildPhase section */

/* Begin PBXSourcesBuildPhase section */
		EC555D842B055F0C002FF5C3 /* Sources */ = {
			isa = PBXSourcesBuildPhase;
			buildActionMask = 2147483647;
			files = (
				EC555D902B055F0C002FF5C3 /* WeatherViewController.swift in Sources */,
				EC2A71532B082BB20015B5EF /* WeatherData.swift in Sources */,
				EC555D8C2B055F0C002FF5C3 /* AppDelegate.swift in Sources */,
				ECD131452B06F10C00E05B8C /* WeatherManager.swift in Sources */,
				EC2A71552B083AB80015B5EF /* WeatherModel.swift in Sources */,
				EC555D8E2B055F0C002FF5C3 /* SceneDelegate.swift in Sources */,
			);
			runOnlyForDeploymentPostprocessing = 0;
		};
/* End PBXSourcesBuildPhase section */

/* Begin PBXVariantGroup section */
		EC555D912B055F0C002FF5C3 /* Main.storyboard */ = {
			isa = PBXVariantGroup;
			children = (
				EC555D922B055F0C002FF5C3 /* Base */,
			);
			name = Main.storyboard;
			sourceTree = "<group>";
		};
		EC555D962B055F0D002FF5C3 /* LaunchScreen.storyboard */ = {
			isa = PBXVariantGroup;
			children = (
				EC555D972B055F0D002FF5C3 /* Base */,
			);
			name = LaunchScreen.storyboard;
			sourceTree = "<group>";
		};
/* End PBXVariantGroup section */

/* Begin XCBuildConfiguration section */
		EC555D9A2B055F0D002FF5C3 /* Debug */ = {
			isa = XCBuildConfiguration;
			baseConfigurationReference = EC2A715A2B0BB5900015B5EF /* APIKeyConfig.xcconfig */;
			buildSettings = {
				ALWAYS_SEARCH_USER_PATHS = NO;
				ASSETCATALOG_COMPILER_GENERATE_SWIFT_ASSET_SYMBOL_EXTENSIONS = YES;
				CLANG_ANALYZER_NONNULL = YES;
				CLANG_ANALYZER_NUMBER_OBJECT_CONVERSION = YES_AGGRESSIVE;
				CLANG_CXX_LANGUAGE_STANDARD = "gnu++20";
				CLANG_ENABLE_MODULES = YES;
				CLANG_ENABLE_OBJC_ARC = YES;
				CLANG_ENABLE_OBJC_WEAK = YES;
				CLANG_WARN_BLOCK_CAPTURE_AUTORELEASING = YES;
				CLANG_WARN_BOOL_CONVERSION = YES;
				CLANG_WARN_COMMA = YES;
				CLANG_WARN_CONSTANT_CONVERSION = YES;
				CLANG_WARN_DEPRECATED_OBJC_IMPLEMENTATIONS = YES;
				CLANG_WARN_DIRECT_OBJC_ISA_USAGE = YES_ERROR;
				CLANG_WARN_DOCUMENTATION_COMMENTS = YES;
				CLANG_WARN_EMPTY_BODY = YES;
				CLANG_WARN_ENUM_CONVERSION = YES;
				CLANG_WARN_INFINITE_RECURSION = YES;
				CLANG_WARN_INT_CONVERSION = YES;
				CLANG_WARN_NON_LITERAL_NULL_CONVERSION = YES;
				CLANG_WARN_OBJC_IMPLICIT_RETAIN_SELF = YES;
				CLANG_WARN_OBJC_LITERAL_CONVERSION = YES;
				CLANG_WARN_OBJC_ROOT_CLASS = YES_ERROR;
				CLANG_WARN_QUOTED_INCLUDE_IN_FRAMEWORK_HEADER = YES;
				CLANG_WARN_RANGE_LOOP_ANALYSIS = YES;
				CLANG_WARN_STRICT_PROTOTYPES = YES;
				CLANG_WARN_SUSPICIOUS_MOVE = YES;
				CLANG_WARN_UNGUARDED_AVAILABILITY = YES_AGGRESSIVE;
				CLANG_WARN_UNREACHABLE_CODE = YES;
				CLANG_WARN__DUPLICATE_METHOD_MATCH = YES;
				COPY_PHASE_STRIP = NO;
				DEBUG_INFORMATION_FORMAT = dwarf;
				ENABLE_STRICT_OBJC_MSGSEND = YES;
				ENABLE_TESTABILITY = YES;
				ENABLE_USER_SCRIPT_SANDBOXING = YES;
				GCC_C_LANGUAGE_STANDARD = gnu17;
				GCC_DYNAMIC_NO_PIC = NO;
				GCC_NO_COMMON_BLOCKS = YES;
				GCC_OPTIMIZATION_LEVEL = 0;
				GCC_PREPROCESSOR_DEFINITIONS = (
					"DEBUG=1",
					"$(inherited)",
				);
				GCC_WARN_64_TO_32_BIT_CONVERSION = YES;
				GCC_WARN_ABOUT_RETURN_TYPE = YES_ERROR;
				GCC_WARN_UNDECLARED_SELECTOR = YES;
				GCC_WARN_UNINITIALIZED_AUTOS = YES_AGGRESSIVE;
				GCC_WARN_UNUSED_FUNCTION = YES;
				GCC_WARN_UNUSED_VARIABLE = YES;
				IPHONEOS_DEPLOYMENT_TARGET = 17.0;
				LOCALIZATION_PREFERS_STRING_CATALOGS = YES;
				MTL_ENABLE_DEBUG_INFO = INCLUDE_SOURCE;
				MTL_FAST_MATH = YES;
				ONLY_ACTIVE_ARCH = YES;
				SDKROOT = iphoneos;
				SWIFT_ACTIVE_COMPILATION_CONDITIONS = "DEBUG $(inherited)";
				SWIFT_OPTIMIZATION_LEVEL = "-Onone";
			};
			name = Debug;
		};
		EC555D9B2B055F0D002FF5C3 /* Release */ = {
			isa = XCBuildConfiguration;
			baseConfigurationReference = EC2A715A2B0BB5900015B5EF /* APIKeyConfig.xcconfig */;
			buildSettings = {
				ALWAYS_SEARCH_USER_PATHS = NO;
				ASSETCATALOG_COMPILER_GENERATE_SWIFT_ASSET_SYMBOL_EXTENSIONS = YES;
				CLANG_ANALYZER_NONNULL = YES;
				CLANG_ANALYZER_NUMBER_OBJECT_CONVERSION = YES_AGGRESSIVE;
				CLANG_CXX_LANGUAGE_STANDARD = "gnu++20";
				CLANG_ENABLE_MODULES = YES;
				CLANG_ENABLE_OBJC_ARC = YES;
				CLANG_ENABLE_OBJC_WEAK = YES;
				CLANG_WARN_BLOCK_CAPTURE_AUTORELEASING = YES;
				CLANG_WARN_BOOL_CONVERSION = YES;
				CLANG_WARN_COMMA = YES;
				CLANG_WARN_CONSTANT_CONVERSION = YES;
				CLANG_WARN_DEPRECATED_OBJC_IMPLEMENTATIONS = YES;
				CLANG_WARN_DIRECT_OBJC_ISA_USAGE = YES_ERROR;
				CLANG_WARN_DOCUMENTATION_COMMENTS = YES;
				CLANG_WARN_EMPTY_BODY = YES;
				CLANG_WARN_ENUM_CONVERSION = YES;
				CLANG_WARN_INFINITE_RECURSION = YES;
				CLANG_WARN_INT_CONVERSION = YES;
				CLANG_WARN_NON_LITERAL_NULL_CONVERSION = YES;
				CLANG_WARN_OBJC_IMPLICIT_RETAIN_SELF = YES;
				CLANG_WARN_OBJC_LITERAL_CONVERSION = YES;
				CLANG_WARN_OBJC_ROOT_CLASS = YES_ERROR;
				CLANG_WARN_QUOTED_INCLUDE_IN_FRAMEWORK_HEADER = YES;
				CLANG_WARN_RANGE_LOOP_ANALYSIS = YES;
				CLANG_WARN_STRICT_PROTOTYPES = YES;
				CLANG_WARN_SUSPICIOUS_MOVE = YES;
				CLANG_WARN_UNGUARDED_AVAILABILITY = YES_AGGRESSIVE;
				CLANG_WARN_UNREACHABLE_CODE = YES;
				CLANG_WARN__DUPLICATE_METHOD_MATCH = YES;
				COPY_PHASE_STRIP = NO;
				DEBUG_INFORMATION_FORMAT = "dwarf-with-dsym";
				ENABLE_NS_ASSERTIONS = NO;
				ENABLE_STRICT_OBJC_MSGSEND = YES;
				ENABLE_USER_SCRIPT_SANDBOXING = YES;
				GCC_C_LANGUAGE_STANDARD = gnu17;
				GCC_NO_COMMON_BLOCKS = YES;
				GCC_WARN_64_TO_32_BIT_CONVERSION = YES;
				GCC_WARN_ABOUT_RETURN_TYPE = YES_ERROR;
				GCC_WARN_UNDECLARED_SELECTOR = YES;
				GCC_WARN_UNINITIALIZED_AUTOS = YES_AGGRESSIVE;
				GCC_WARN_UNUSED_FUNCTION = YES;
				GCC_WARN_UNUSED_VARIABLE = YES;
				IPHONEOS_DEPLOYMENT_TARGET = 17.0;
				LOCALIZATION_PREFERS_STRING_CATALOGS = YES;
				MTL_ENABLE_DEBUG_INFO = NO;
				MTL_FAST_MATH = YES;
				SDKROOT = iphoneos;
				SWIFT_COMPILATION_MODE = wholemodule;
				VALIDATE_PRODUCT = YES;
			};
			name = Release;
		};
		EC555D9D2B055F0D002FF5C3 /* Debug */ = {
			isa = XCBuildConfiguration;
			baseConfigurationReference = EC2A715A2B0BB5900015B5EF /* APIKeyConfig.xcconfig */;
			buildSettings = {
				ASSETCATALOG_COMPILER_APPICON_NAME = AppIcon;
				ASSETCATALOG_COMPILER_GLOBAL_ACCENT_COLOR_NAME = AccentColor;
				CODE_SIGN_ENTITLEMENTS = "Weather App.entitlements";
				CODE_SIGN_STYLE = Automatic;
				CURRENT_PROJECT_VERSION = 1;
				DEVELOPMENT_TEAM = LSMF6XRV9N;
				"DSTROOT[sdk=*]" = "/tmp/$(PROJECT_NAME).dst";
				GENERATE_INFOPLIST_FILE = YES;
				INFOPLIST_FILE = WeatherApp/Info.plist;
				INFOPLIST_KEY_NSLocationWhenInUseUsageDescription = "We need your location to get the current weather for where you are";
				INFOPLIST_KEY_UIApplicationSupportsIndirectInputEvents = YES;
				INFOPLIST_KEY_UILaunchStoryboardName = LaunchScreen;
				INFOPLIST_KEY_UIMainStoryboardFile = Main;
				INFOPLIST_KEY_UIStatusBarHidden = NO;
				INFOPLIST_KEY_UIStatusBarStyle = UIStatusBarStyleLightContent;
				INFOPLIST_KEY_UISupportedInterfaceOrientations = UIInterfaceOrientationPortrait;
				INFOPLIST_KEY_UISupportedInterfaceOrientations_iPad = "UIInterfaceOrientationLandscapeLeft UIInterfaceOrientationLandscapeRight UIInterfaceOrientationPortrait UIInterfaceOrientationPortraitUpsideDown";
				LD_RUNPATH_SEARCH_PATHS = (
					"$(inherited)",
					"@executable_path/Frameworks",
				);
				MARKETING_VERSION = 1.0;
				PRODUCT_BUNDLE_IDENTIFIER = "com.practice.Weather-App";
				PRODUCT_NAME = "$(TARGET_NAME)";
				SWIFT_EMIT_LOC_STRINGS = YES;
				SWIFT_VERSION = 5.0;
				TARGETED_DEVICE_FAMILY = "1,2";
			};
			name = Debug;
		};
		EC555D9E2B055F0D002FF5C3 /* Release */ = {
			isa = XCBuildConfiguration;
			baseConfigurationReference = EC2A715A2B0BB5900015B5EF /* APIKeyConfig.xcconfig */;
			buildSettings = {
				ASSETCATALOG_COMPILER_APPICON_NAME = AppIcon;
				ASSETCATALOG_COMPILER_GLOBAL_ACCENT_COLOR_NAME = AccentColor;
				CODE_SIGN_ENTITLEMENTS = "Weather App.entitlements";
				CODE_SIGN_STYLE = Automatic;
				CURRENT_PROJECT_VERSION = 1;
				DEVELOPMENT_TEAM = LSMF6XRV9N;
				GENERATE_INFOPLIST_FILE = YES;
				INFOPLIST_FILE = WeatherApp/Info.plist;
				INFOPLIST_KEY_NSLocationWhenInUseUsageDescription = "We need your location to get the current weather for where you are";
				INFOPLIST_KEY_UIApplicationSupportsIndirectInputEvents = YES;
				INFOPLIST_KEY_UILaunchStoryboardName = LaunchScreen;
				INFOPLIST_KEY_UIMainStoryboardFile = Main;
				INFOPLIST_KEY_UIStatusBarHidden = NO;
				INFOPLIST_KEY_UIStatusBarStyle = UIStatusBarStyleLightContent;
				INFOPLIST_KEY_UISupportedInterfaceOrientations = UIInterfaceOrientationPortrait;
				INFOPLIST_KEY_UISupportedInterfaceOrientations_iPad = "UIInterfaceOrientationLandscapeLeft UIInterfaceOrientationLandscapeRight UIInterfaceOrientationPortrait UIInterfaceOrientationPortraitUpsideDown";
				LD_RUNPATH_SEARCH_PATHS = (
					"$(inherited)",
					"@executable_path/Frameworks",
				);
				MARKETING_VERSION = 1.0;
				PRODUCT_BUNDLE_IDENTIFIER = "com.practice.Weather-App";
				PRODUCT_NAME = "$(TARGET_NAME)";
				SWIFT_EMIT_LOC_STRINGS = YES;
				SWIFT_VERSION = 5.0;
				TARGETED_DEVICE_FAMILY = "1,2";
			};
			name = Release;
		};
/* End XCBuildConfiguration section */

/* Begin XCConfigurationList section */
		EC555D832B055F0C002FF5C3 /* Build configuration list for PBXProject "WeatherApp" */ = {
			isa = XCConfigurationList;
			buildConfigurations = (
				EC555D9A2B055F0D002FF5C3 /* Debug */,
				EC555D9B2B055F0D002FF5C3 /* Release */,
			);
			defaultConfigurationIsVisible = 0;
			defaultConfigurationName = Release;
		};
		EC555D9C2B055F0D002FF5C3 /* Build configuration list for PBXNativeTarget "Weather App" */ = {
			isa = XCConfigurationList;
			buildConfigurations = (
				EC555D9D2B055F0D002FF5C3 /* Debug */,
				EC555D9E2B055F0D002FF5C3 /* Release */,
			);
			defaultConfigurationIsVisible = 0;
			defaultConfigurationName = Release;
		};
/* End XCConfigurationList section */
	};
	rootObject = EC555D802B055F0C002FF5C3 /* Project object */;
}
